
Microsoft Visual Studio Solution File, Format Version 12.00
# Visual Studio Version 17
VisualStudioVersion = 17.10.34916.146
MinimumVisualStudioVersion = 10.0.40219.1
Project("{FAE04EC0-301F-11D3-BF4B-00C04F79EFBC}") = "WeatherApp", "WeatherApp.csproj", "{EDFE44CE-F09E-4767-8E38-CAB84D1F4CC3}"
EndProject
Global
	GlobalSection(SolutionConfigurationPlatforms) = preSolution
		Debug|Any CPU = Debug|Any CPU
		Release|Any CPU = Release|Any CPU
	EndGlobalSection
	GlobalSection(ProjectConfigurationPlatforms) = postSolution
		{EDFE44CE-F09E-4767-8E38-CAB84D1F4CC3}.Debug|Any CPU.ActiveCfg = Debug|Any CPU
		{EDFE44CE-F09E-4767-8E38-CAB84D1F4CC3}.Debug|Any CPU.Build.0 = Debug|Any CPU
		{EDFE44CE-F09E-4767-8E38-CAB84D1F4CC3}.Debug|Any CPU.Deploy.0 = Debug|Any CPU
		{EDFE44CE-F09E-4767-8E38-CAB84D1F4CC3}.Release|Any CPU.ActiveCfg = Release|Any CPU
		{EDFE44CE-F09E-4767-8E38-CAB84D1F4CC3}.Release|Any CPU.Build.0 = Release|Any CPU
		{EDFE44CE-F09E-4767-8E38-CAB84D1F4CC3}.Release|Any CPU.Deploy.0 = Release|Any CPU
	EndGlobalSection
	GlobalSection(SolutionProperties) = preSolution
		HideSolutionNode = FALSE
	EndGlobalSection
	GlobalSection(ExtensibilityGlobals) = postSolution
		SolutionGuid = {AC094625-B043-4E15-8E2E-0525A77C4E46}
	EndGlobalSection
EndGlobal
